{
  "name": "locustjs-extensions-object",
  "version": "1.0.4",
  "lockfileVersion": 1,
  "requires": true,
  "dependencies": {
    "locustjs-base": {
      "version": "1.0.2",
      "resolved": "https://registry.npmjs.org/locustjs-base/-/locustjs-base-1.0.2.tgz",
      "integrity": "sha512-yoMETPjq5pLHJ07mTCqy+K/R82oigzwFGjmShkbR0gnA7tAQ06hlx7vXmhNx6/FqdO8cV5oeR3209DEr06+7LA=="
    },
    "locustjs-extensions-options": {
      "version": "1.0.2",
      "resolved": "https://registry.npmjs.org/locustjs-extensions-options/-/locustjs-extensions-options-1.0.2.tgz",
      "integrity": "sha512-8DXb+Nk+q6HiAUXrNPZrJTpU2MePymsRvnjsujYafm5qQJS5ijrhlM/kcsu8dfXwbpi/BUPo4+yZoeKJagsA5w==",
      "requires": {
        "locustjs-base": "^1.0.2"
      }
    }
  }
}
